{
  "nodes": {
    "benefice-production": {
      "inputs": {
        "cargo2nix": "cargo2nix",
        "flake-compat": "flake-compat",
        "flake-utils": "flake-utils",
        "nixpkgs": "nixpkgs",
        "rust-overlay": "rust-overlay"
      },
      "locked": {
        "lastModified": 1663598693,
        "narHash": "sha256-UTBN/JWB7eiq1wGez1qgwDn2Cpwk8wIWe72sLOI0RjQ=",
        "owner": "profianinc",
        "repo": "benefice",
        "rev": "6117098da798488f95d11d4098589544f245a5c4",
        "type": "github"
      },
      "original": {
        "owner": "profianinc",
        "ref": "v0.1.2-rc6",
        "repo": "benefice",
        "type": "github"
      }
    },
    "benefice-staging": {
      "inputs": {
        "cargo2nix": "cargo2nix_2",
        "flake-compat": "flake-compat_2",
        "flake-utils": "flake-utils_2",
        "nixpkgs": "nixpkgs_2",
        "rust-overlay": "rust-overlay_2"
      },
      "locked": {
        "lastModified": 1663598693,
        "narHash": "sha256-UTBN/JWB7eiq1wGez1qgwDn2Cpwk8wIWe72sLOI0RjQ=",
        "owner": "profianinc",
        "repo": "benefice",
        "rev": "6117098da798488f95d11d4098589544f245a5c4",
        "type": "github"
      },
      "original": {
        "owner": "profianinc",
        "ref": "v0.1.2-rc6",
        "repo": "benefice",
        "type": "github"
      }
    },
    "benefice-testing": {
      "inputs": {
        "enarx": "enarx",
        "nixify": "nixify_2"
      },
      "locked": {
        "lastModified": 1669802417,
        "narHash": "sha256-1lX2Lst+Nr236QAndFxRFT4RhiDI55eUE3IkYn/S0rw=",
        "owner": "profianinc",
        "repo": "benefice",
        "rev": "b818c43f5eb9a80b6f06eb21ec9f8f3f2f77eccc",
        "type": "github"
      },
      "original": {
        "owner": "profianinc",
        "repo": "benefice",
        "type": "github"
      }
    },
    "cargo2nix": {
      "inputs": {
        "flake-compat": [
          "benefice-production",
          "flake-compat"
        ],
        "flake-utils": [
          "benefice-production",
          "flake-utils"
        ],
        "nixpkgs": [
          "benefice-production",
          "nixpkgs"
        ],
        "rust-overlay": [
          "benefice-production",
          "rust-overlay"
        ]
      },
      "locked": {
        "lastModified": 1655189312,
        "narHash": "sha256-gpJ57OgIebUpO+7F00VltxSEy6dz2x6HeJ5BcRM8rDA=",
        "owner": "cargo2nix",
        "repo": "cargo2nix",
        "rev": "c149357cc3d17f2849c73eb7a09d07a307cdcfe8",
        "type": "github"
      },
      "original": {
        "owner": "cargo2nix",
        "repo": "cargo2nix",
        "type": "github"
      }
    },
    "cargo2nix_2": {
      "inputs": {
        "flake-compat": [
          "benefice-staging",
          "flake-compat"
        ],
        "flake-utils": [
          "benefice-staging",
          "flake-utils"
        ],
        "nixpkgs": [
          "benefice-staging",
          "nixpkgs"
        ],
        "rust-overlay": [
          "benefice-staging",
          "rust-overlay"
        ]
      },
      "locked": {
        "lastModified": 1655189312,
        "narHash": "sha256-gpJ57OgIebUpO+7F00VltxSEy6dz2x6HeJ5BcRM8rDA=",
        "owner": "cargo2nix",
        "repo": "cargo2nix",
        "rev": "c149357cc3d17f2849c73eb7a09d07a307cdcfe8",
        "type": "github"
      },
      "original": {
        "owner": "cargo2nix",
        "repo": "cargo2nix",
        "type": "github"
      }
    },
    "crane": {
      "inputs": {
        "flake-compat": "flake-compat_3",
        "flake-utils": [
          "benefice-testing",
          "enarx",
          "nixify",
          "flake-utils"
        ],
        "nixpkgs": [
          "benefice-testing",
          "enarx",
          "nixify",
          "nixpkgs"
        ],
        "rust-overlay": [
          "benefice-testing",
          "enarx",
          "nixify",
          "rust-overlay"
        ]
      },
      "locked": {
        "lastModified": 1667064003,
        "narHash": "sha256-VuP+wzlUmuEqx43b8WOodjXJgFMlyQv/cNL4CdFcSqM=",
        "owner": "ipetkov",
        "repo": "crane",
        "rev": "f48777a96601e8fa3f537f3cab22d7a858bcde19",
        "type": "github"
      },
      "original": {
        "owner": "ipetkov",
        "ref": "v0.9.0",
        "repo": "crane",
        "type": "github"
      }
    },
    "crane_2": {
      "inputs": {
        "flake-compat": "flake-compat_4",
        "flake-utils": [
          "benefice-testing",
          "nixify",
          "flake-utils"
        ],
        "nixpkgs": [
          "benefice-testing",
          "nixify",
          "nixpkgs"
        ],
        "rust-overlay": [
          "benefice-testing",
          "nixify",
          "rust-overlay"
        ]
      },
      "locked": {
        "lastModified": 1667064003,
        "narHash": "sha256-VuP+wzlUmuEqx43b8WOodjXJgFMlyQv/cNL4CdFcSqM=",
        "owner": "ipetkov",
        "repo": "crane",
        "rev": "f48777a96601e8fa3f537f3cab22d7a858bcde19",
        "type": "github"
      },
      "original": {
        "owner": "ipetkov",
        "ref": "v0.9.0",
        "repo": "crane",
        "type": "github"
      }
    },
    "crane_3": {
      "inputs": {
        "flake-compat": "flake-compat_5",
        "flake-utils": [
          "enarx",
          "nixify",
          "flake-utils"
        ],
        "nixpkgs": [
          "enarx",
          "nixify",
          "nixpkgs"
        ],
        "rust-overlay": [
          "enarx",
          "nixify",
          "rust-overlay"
        ]
      },
      "locked": {
        "lastModified": 1667064003,
        "narHash": "sha256-VuP+wzlUmuEqx43b8WOodjXJgFMlyQv/cNL4CdFcSqM=",
        "owner": "ipetkov",
        "repo": "crane",
        "rev": "f48777a96601e8fa3f537f3cab22d7a858bcde19",
        "type": "github"
      },
      "original": {
        "owner": "ipetkov",
        "ref": "v0.9.0",
        "repo": "crane",
        "type": "github"
      }
    },
    "deploy-rs": {
      "inputs": {
        "flake-compat": [
          "flake-compat"
        ],
        "nixpkgs": "nixpkgs_5",
        "utils": "utils"
      },
      "locked": {
        "lastModified": 1668797197,
        "narHash": "sha256-0w6iD3GSSQbIeSFVDzAAQZB+hDq670ZTms3d9XI+BtM=",
        "owner": "serokell",
        "repo": "deploy-rs",
        "rev": "2a3c5f70eee04a465aa534d8bd4fcc9bb3c4a8ce",
        "type": "github"
      },
      "original": {
        "owner": "serokell",
        "repo": "deploy-rs",
        "type": "github"
      }
    },
    "enarx": {
      "inputs": {
        "nixify": "nixify"
      },
      "locked": {
        "lastModified": 1669042225,
        "narHash": "sha256-A4RwS0ie/IgQYZCVmAYzeKjAFbd0o39/uMBCmp6lffk=",
        "owner": "enarx",
        "repo": "enarx",
        "rev": "8098949e2854ec670843e4e7ef47942d5aadf8d2",
        "type": "github"
      },
      "original": {
        "owner": "enarx",
        "repo": "enarx",
        "type": "github"
      }
    },
    "enarx_2": {
      "inputs": {
        "nixify": "nixify_3"
      },
      "locked": {
        "lastModified": 1673875334,
        "narHash": "sha256-qtPONoNAr0o9LIJ5SH3HgSC+fsHrknWGbnEiWaG1Zw4=",
        "owner": "enarx",
        "repo": "enarx",
        "rev": "e74f4d4c5d996fa3f51cbb03259275a12f6ef84b",
        "type": "github"
      },
      "original": {
        "owner": "enarx",
        "ref": "v0.7.0",
        "repo": "enarx",
        "type": "github"
      }
    },
    "flake-compat": {
      "flake": false,
      "locked": {
        "lastModified": 1650374568,
        "narHash": "sha256-Z+s0J8/r907g149rllvwhb4pKi8Wam5ij0st8PwAh+E=",
        "owner": "edolstra",
        "repo": "flake-compat",
        "rev": "b4a34015c698c7793d592d66adbab377907a2be8",
        "type": "github"
      },
      "original": {
        "owner": "edolstra",
        "repo": "flake-compat",
        "type": "github"
      }
    },
    "flake-compat_2": {
      "flake": false,
      "locked": {
        "lastModified": 1650374568,
        "narHash": "sha256-Z+s0J8/r907g149rllvwhb4pKi8Wam5ij0st8PwAh+E=",
        "owner": "edolstra",
        "repo": "flake-compat",
        "rev": "b4a34015c698c7793d592d66adbab377907a2be8",
        "type": "github"
      },
      "original": {
        "owner": "edolstra",
        "repo": "flake-compat",
        "type": "github"
      }
    },
    "flake-compat_3": {
      "flake": false,
      "locked": {
        "lastModified": 1650374568,
        "narHash": "sha256-Z+s0J8/r907g149rllvwhb4pKi8Wam5ij0st8PwAh+E=",
        "owner": "edolstra",
        "repo": "flake-compat",
        "rev": "b4a34015c698c7793d592d66adbab377907a2be8",
        "type": "github"
      },
      "original": {
        "owner": "edolstra",
        "repo": "flake-compat",
        "type": "github"
      }
    },
    "flake-compat_4": {
      "flake": false,
      "locked": {
        "lastModified": 1650374568,
        "narHash": "sha256-Z+s0J8/r907g149rllvwhb4pKi8Wam5ij0st8PwAh+E=",
        "owner": "edolstra",
        "repo": "flake-compat",
        "rev": "b4a34015c698c7793d592d66adbab377907a2be8",
        "type": "github"
      },
      "original": {
        "owner": "edolstra",
        "repo": "flake-compat",
        "type": "github"
      }
    },
    "flake-compat_5": {
      "flake": false,
      "locked": {
        "lastModified": 1650374568,
        "narHash": "sha256-Z+s0J8/r907g149rllvwhb4pKi8Wam5ij0st8PwAh+E=",
        "owner": "edolstra",
        "repo": "flake-compat",
        "rev": "b4a34015c698c7793d592d66adbab377907a2be8",
        "type": "github"
      },
      "original": {
        "owner": "edolstra",
        "repo": "flake-compat",
        "type": "github"
      }
    },
    "flake-compat_6": {
      "flake": false,
      "locked": {
        "lastModified": 1668681692,
        "narHash": "sha256-Ht91NGdewz8IQLtWZ9LCeNXMSXHUss+9COoqu6JLmXU=",
        "owner": "edolstra",
        "repo": "flake-compat",
        "rev": "009399224d5e398d03b22badca40a37ac85412a1",
        "type": "github"
      },
      "original": {
        "owner": "edolstra",
        "repo": "flake-compat",
        "type": "github"
      }
    },
    "flake-utils": {
      "locked": {
        "lastModified": 1659877975,
        "narHash": "sha256-zllb8aq3YO3h8B/U0/J1WBgAL8EX5yWf5pMj3G0NAmc=",
        "owner": "numtide",
        "repo": "flake-utils",
        "rev": "c0e246b9b83f637f4681389ecabcb2681b4f3af0",
        "type": "github"
      },
      "original": {
        "owner": "numtide",
        "repo": "flake-utils",
        "type": "github"
      }
    },
    "flake-utils_2": {
      "locked": {
        "lastModified": 1659877975,
        "narHash": "sha256-zllb8aq3YO3h8B/U0/J1WBgAL8EX5yWf5pMj3G0NAmc=",
        "owner": "numtide",
        "repo": "flake-utils",
        "rev": "c0e246b9b83f637f4681389ecabcb2681b4f3af0",
        "type": "github"
      },
      "original": {
        "owner": "numtide",
        "repo": "flake-utils",
        "type": "github"
      }
    },
    "flake-utils_3": {
      "locked": {
        "lastModified": 1667395993,
        "narHash": "sha256-nuEHfE/LcWyuSWnS8t12N1wc105Qtau+/OdUAjtQ0rA=",
        "owner": "numtide",
        "repo": "flake-utils",
        "rev": "5aed5285a952e0b949eb3ba02c12fa4fcfef535f",
        "type": "github"
      },
      "original": {
        "owner": "numtide",
        "repo": "flake-utils",
        "type": "github"
      }
    },
    "flake-utils_4": {
      "locked": {
        "lastModified": 1667395993,
        "narHash": "sha256-nuEHfE/LcWyuSWnS8t12N1wc105Qtau+/OdUAjtQ0rA=",
        "owner": "numtide",
        "repo": "flake-utils",
        "rev": "5aed5285a952e0b949eb3ba02c12fa4fcfef535f",
        "type": "github"
      },
      "original": {
        "owner": "numtide",
        "repo": "flake-utils",
        "type": "github"
      }
    },
    "flake-utils_5": {
      "locked": {
        "lastModified": 1667395993,
        "narHash": "sha256-nuEHfE/LcWyuSWnS8t12N1wc105Qtau+/OdUAjtQ0rA=",
        "owner": "numtide",
        "repo": "flake-utils",
        "rev": "5aed5285a952e0b949eb3ba02c12fa4fcfef535f",
        "type": "github"
      },
      "original": {
        "owner": "numtide",
        "repo": "flake-utils",
        "type": "github"
      }
    },
    "flake-utils_6": {
      "locked": {
        "lastModified": 1667395993,
        "narHash": "sha256-nuEHfE/LcWyuSWnS8t12N1wc105Qtau+/OdUAjtQ0rA=",
        "owner": "numtide",
        "repo": "flake-utils",
        "rev": "5aed5285a952e0b949eb3ba02c12fa4fcfef535f",
        "type": "github"
      },
      "original": {
        "owner": "numtide",
        "repo": "flake-utils",
        "type": "github"
      }
    },
    "nixify": {
      "inputs": {
        "crane": "crane",
        "flake-utils": "flake-utils_3",
        "nixlib": "nixlib",
        "nixpkgs": "nixpkgs_3",
        "rust-overlay": "rust-overlay_3"
      },
      "locked": {
        "lastModified": 1668788630,
        "narHash": "sha256-o/RIxKn7jQGrb/MEvxC902lwIU3NtOavPobgcoj9S24=",
        "owner": "rvolosatovs",
        "repo": "nixify",
        "rev": "30a9acd643fe503e8e1af9583d52fe65b326d294",
        "type": "github"
      },
      "original": {
        "owner": "rvolosatovs",
        "repo": "nixify",
        "type": "github"
      }
    },
    "nixify_2": {
      "inputs": {
        "crane": "crane_2",
        "flake-utils": "flake-utils_4",
        "nixlib": "nixlib_2",
        "nixpkgs": "nixpkgs_4",
        "rust-overlay": "rust-overlay_4"
      },
      "locked": {
        "lastModified": 1668788630,
        "narHash": "sha256-o/RIxKn7jQGrb/MEvxC902lwIU3NtOavPobgcoj9S24=",
        "owner": "rvolosatovs",
        "repo": "nixify",
        "rev": "30a9acd643fe503e8e1af9583d52fe65b326d294",
        "type": "github"
      },
      "original": {
        "owner": "rvolosatovs",
        "repo": "nixify",
        "type": "github"
      }
    },
    "nixify_3": {
      "inputs": {
        "crane": "crane_3",
        "flake-utils": "flake-utils_5",
        "nixlib": "nixlib_3",
        "nixpkgs": "nixpkgs_6",
        "rust-overlay": "rust-overlay_5"
      },
      "locked": {
        "lastModified": 1669983974,
        "narHash": "sha256-/VoiDlZHqcu7WT7RF14aAqWIihTzzxs2SgGok4cuy6E=",
        "owner": "rvolosatovs",
        "repo": "nixify",
        "rev": "cc4ca7b9228aa5d8eb780c64c50fffd85e5217b6",
        "type": "github"
      },
      "original": {
        "owner": "rvolosatovs",
        "repo": "nixify",
        "type": "github"
      }
    },
    "nixlib": {
      "locked": {
        "lastModified": 1668300937,
        "narHash": "sha256-E9/ir9++M58btaHOqugyrE4lfVnM0gIq5M9QWhGX0aM=",
        "owner": "nix-community",
        "repo": "nixpkgs.lib",
        "rev": "41386dc5b4915d0d5716e9d09dbf372ea3bd24f3",
        "type": "github"
      },
      "original": {
        "owner": "nix-community",
        "repo": "nixpkgs.lib",
        "type": "github"
      }
    },
    "nixlib_2": {
      "locked": {
        "lastModified": 1668300937,
        "narHash": "sha256-E9/ir9++M58btaHOqugyrE4lfVnM0gIq5M9QWhGX0aM=",
        "owner": "nix-community",
        "repo": "nixpkgs.lib",
        "rev": "41386dc5b4915d0d5716e9d09dbf372ea3bd24f3",
        "type": "github"
      },
      "original": {
        "owner": "nix-community",
        "repo": "nixpkgs.lib",
        "type": "github"
      }
    },
    "nixlib_3": {
      "locked": {
        "lastModified": 1669510528,
        "narHash": "sha256-DliH3XfY9TOV6FdkB42L2LdEE9MKNAUvK91OBa9kYxc=",
        "owner": "nix-community",
        "repo": "nixpkgs.lib",
        "rev": "fd4ecf408b6f3555d48aa826fd9dee424bf7eb2e",
        "type": "github"
      },
      "original": {
        "owner": "nix-community",
        "repo": "nixpkgs.lib",
        "type": "github"
      }
    },
    "nixlib_4": {
      "locked": {
        "lastModified": 1670114968,
        "narHash": "sha256-2a9m6wpsGKRpQdBh3B+aMVzfKzrOpu9+HbLXO1DNy7Y=",
        "owner": "nix-community",
        "repo": "nixpkgs.lib",
        "rev": "77e67cb65014fb75c1c8ccfec60e9bd8b7d02c94",
        "type": "github"
      },
      "original": {
        "owner": "nix-community",
        "repo": "nixpkgs.lib",
        "type": "github"
      }
    },
    "nixpkgs": {
      "locked": {
        "lastModified": 1663061167,
        "narHash": "sha256-b3r1Ta4TSUe93M5Qeu1yoNvCfC4StIAygXVVF7qWUok=",
        "owner": "NixOS",
        "repo": "nixpkgs",
        "rev": "a81b6401f6b5503d26918f062d010619f4059032",
        "type": "github"
      },
      "original": {
        "owner": "NixOS",
        "repo": "nixpkgs",
        "type": "github"
      }
    },
    "nixpkgs-stable": {
      "locked": {
        "lastModified": 1670248078,
        "narHash": "sha256-NljfevA44layMfbGi16VoTak23/195MKazB9984U4L8=",
        "owner": "nixos",
        "repo": "nixpkgs",
        "rev": "7e72265b08d4c60f414a0f3ab162e24648e84342",
        "type": "github"
      },
      "original": {
        "owner": "nixos",
        "ref": "release-22.05",
        "repo": "nixpkgs",
        "type": "github"
      }
    },
    "nixpkgs-stable_2": {
      "locked": {
        "lastModified": 1670146390,
        "narHash": "sha256-XrEoDpuloRHHbUkbPnhF2bQ0uwHllXq3NHxtuVe/QK4=",
        "owner": "NixOS",
        "repo": "nixpkgs",
        "rev": "86370507cb20c905800527539fc049a2bf09c667",
        "type": "github"
      },
      "original": {
        "owner": "NixOS",
        "ref": "release-22.11",
        "repo": "nixpkgs",
        "type": "github"
      }
    },
    "nixpkgs-unstable": {
      "locked": {
        "lastModified": 1670064435,
        "narHash": "sha256-+ELoY30UN+Pl3Yn7RWRPabykwebsVK/kYE9JsIsUMxQ=",
        "owner": "nixos",
        "repo": "nixpkgs",
        "rev": "61a8a98e6d557e6dd7ed0cdb54c3a3e3bbc5e25c",
        "type": "github"
      },
      "original": {
        "owner": "nixos",
        "ref": "nixos-unstable",
        "repo": "nixpkgs",
        "type": "github"
      }
    },
    "nixpkgs_2": {
      "locked": {
        "lastModified": 1663061167,
        "narHash": "sha256-b3r1Ta4TSUe93M5Qeu1yoNvCfC4StIAygXVVF7qWUok=",
        "owner": "NixOS",
        "repo": "nixpkgs",
        "rev": "a81b6401f6b5503d26918f062d010619f4059032",
        "type": "github"
      },
      "original": {
        "owner": "NixOS",
        "repo": "nixpkgs",
        "type": "github"
      }
    },
    "nixpkgs_3": {
      "locked": {
        "lastModified": 1668539998,
        "narHash": "sha256-G+HPyz9wv47+lY1AMmrA0ebyZR2gwnyIeouzOLhdVdE=",
        "owner": "nixos",
        "repo": "nixpkgs",
        "rev": "02ac89b8e803881ab63c7727db631e63721ca370",
        "type": "github"
      },
      "original": {
        "owner": "nixos",
        "ref": "nixpkgs-22.05-darwin",
        "repo": "nixpkgs",
        "type": "github"
      }
    },
    "nixpkgs_4": {
      "locked": {
        "lastModified": 1668539998,
        "narHash": "sha256-G+HPyz9wv47+lY1AMmrA0ebyZR2gwnyIeouzOLhdVdE=",
        "owner": "nixos",
        "repo": "nixpkgs",
        "rev": "02ac89b8e803881ab63c7727db631e63721ca370",
        "type": "github"
      },
      "original": {
        "owner": "nixos",
        "ref": "nixpkgs-22.05-darwin",
        "repo": "nixpkgs",
        "type": "github"
      }
    },
    "nixpkgs_5": {
      "locked": {
        "lastModified": 1648219316,
        "narHash": "sha256-Ctij+dOi0ZZIfX5eMhgwugfvB+WZSrvVNAyAuANOsnQ=",
        "owner": "NixOS",
        "repo": "nixpkgs",
        "rev": "30d3d79b7d3607d56546dd2a6b49e156ba0ec634",
        "type": "github"
      },
      "original": {
        "owner": "NixOS",
        "ref": "nixpkgs-unstable",
        "repo": "nixpkgs",
        "type": "github"
      }
    },
    "nixpkgs_6": {
      "locked": {
        "lastModified": 1669861251,
        "narHash": "sha256-QyBI5QNT/nQRkCsZHnN3ImKCaxrtMArVqNioA7diwU4=",
        "owner": "nixos",
        "repo": "nixpkgs",
        "rev": "af4d0d532f413ad2fbb3a13f47c98c9fca1948e1",
        "type": "github"
      },
      "original": {
        "owner": "nixos",
        "ref": "nixpkgs-22.05-darwin",
        "repo": "nixpkgs",
        "type": "github"
      }
    },
    "nixpkgs_7": {
      "locked": {
        "lastModified": 1669305886,
        "narHash": "sha256-2LpuUi2Gir/FpXVL1JsrUbUIWNzMAsIuFUi+PjpCjhI=",
        "owner": "profianinc",
        "repo": "nixpkgs",
        "rev": "0032bf068537617dac9146674f0f4ab30b1fa8ff",
        "type": "github"
      },
      "original": {
        "owner": "profianinc",
        "repo": "nixpkgs",
        "type": "github"
      }
    },
    "root": {
      "inputs": {
        "benefice-production": "benefice-production",
        "benefice-staging": "benefice-staging",
        "benefice-testing": "benefice-testing",
        "deploy-rs": "deploy-rs",
        "enarx": "enarx_2",
        "flake-compat": "flake-compat_6",
        "flake-utils": "flake-utils_6",
        "nixlib": "nixlib_4",
        "nixpkgs": "nixpkgs_7",
        "nixpkgs-stable": "nixpkgs-stable",
        "nixpkgs-unstable": "nixpkgs-unstable",
        "sops-nix": "sops-nix"
      }
    },
    "rust-overlay": {
      "inputs": {
        "flake-utils": [
          "benefice-production",
          "flake-utils"
        ],
        "nixpkgs": [
          "benefice-production",
          "nixpkgs"
        ]
      },
      "locked": {
        "lastModified": 1663038100,
        "narHash": "sha256-DpqF/1FYpUo3Fm54oBaXzdqIG7BuRkHHFOgLM0uVVF0=",
        "owner": "oxalica",
        "repo": "rust-overlay",
        "rev": "dbd08f5b5469e1e24f00de45ddc73c26290a2bcb",
        "type": "github"
      },
      "original": {
        "owner": "oxalica",
        "repo": "rust-overlay",
        "type": "github"
      }
    },
    "rust-overlay_2": {
      "inputs": {
        "flake-utils": [
          "benefice-staging",
          "flake-utils"
        ],
        "nixpkgs": [
          "benefice-staging",
          "nixpkgs"
        ]
      },
      "locked": {
        "lastModified": 1663038100,
        "narHash": "sha256-DpqF/1FYpUo3Fm54oBaXzdqIG7BuRkHHFOgLM0uVVF0=",
        "owner": "oxalica",
        "repo": "rust-overlay",
        "rev": "dbd08f5b5469e1e24f00de45ddc73c26290a2bcb",
        "type": "github"
      },
      "original": {
        "owner": "oxalica",
        "repo": "rust-overlay",
        "type": "github"
      }
    },
    "rust-overlay_3": {
      "inputs": {
        "flake-utils": [
          "benefice-testing",
          "enarx",
          "nixify",
          "flake-utils"
        ],
        "nixpkgs": [
          "benefice-testing",
          "enarx",
          "nixify",
          "nixpkgs"
        ]
      },
      "locked": {
        "lastModified": 1668652668,
        "narHash": "sha256-kkl0U9OXMfzSKZX8rF/zSDMBHwzt7st32dyUqJGYNwU=",
        "owner": "oxalica",
        "repo": "rust-overlay",
        "rev": "c91265a3f0d28b3b1ad60a47c4764a45b111ed4b",
        "type": "github"
      },
      "original": {
        "owner": "oxalica",
        "repo": "rust-overlay",
        "type": "github"
      }
    },
    "rust-overlay_4": {
      "inputs": {
        "flake-utils": [
          "benefice-testing",
          "nixify",
          "flake-utils"
        ],
        "nixpkgs": [
          "benefice-testing",
          "nixify",
          "nixpkgs"
        ]
      },
      "locked": {
        "lastModified": 1668652668,
        "narHash": "sha256-kkl0U9OXMfzSKZX8rF/zSDMBHwzt7st32dyUqJGYNwU=",
        "owner": "oxalica",
        "repo": "rust-overlay",
        "rev": "c91265a3f0d28b3b1ad60a47c4764a45b111ed4b",
        "type": "github"
      },
      "original": {
        "owner": "oxalica",
        "repo": "rust-overlay",
        "type": "github"
      }
    },
    "rust-overlay_5": {
      "inputs": {
        "flake-utils": [
          "enarx",
          "nixify",
          "flake-utils"
        ],
        "nixpkgs": [
          "enarx",
          "nixify",
          "nixpkgs"
        ]
      },
      "locked": {
        "lastModified": 1669862269,
        "narHash": "sha256-/ar+cbAKAxd2Ng9b7EhrIMz9CP353RbmLecvyOidyUM=",
        "owner": "oxalica",
        "repo": "rust-overlay",
        "rev": "bfdf688742cf984c4837dbbe1c6cbca550365613",
        "type": "github"
      },
      "original": {
        "owner": "oxalica",
        "repo": "rust-overlay",
        "type": "github"
      }
    },
    "sops-nix": {
      "inputs": {
        "nixpkgs": [
          "nixpkgs"
        ],
        "nixpkgs-stable": "nixpkgs-stable_2"
      },
      "locked": {
        "lastModified": 1670149631,
        "narHash": "sha256-rwmtlxx45PvOeZNP51wql/cWjY3rqzIR3Oj2Y+V7jM0=",
        "owner": "Mic92",
        "repo": "sops-nix",
        "rev": "da98a111623101c64474a14983d83dad8f09f93d",
        "type": "github"
      },
      "original": {
        "owner": "Mic92",
        "repo": "sops-nix",
        "type": "github"
      }
    },
    "utils": {
      "locked": {
        "lastModified": 1648297722,
        "narHash": "sha256-W+qlPsiZd8F3XkzXOzAoR+mpFqzm3ekQkJNa+PIh1BQ=",
        "owner": "numtide",
        "repo": "flake-utils",
        "rev": "0f8662f1319ad6abf89b3380dd2722369fc51ade",
        "type": "github"
      },
      "original": {
        "owner": "numtide",
        "repo": "flake-utils",
        "type": "github"
      }
    }
  },
  "root": "root",
  "version": 7
}
