{
  "nodes": {
    "benefice-production": {
      "inputs": {
        "cargo2nix": "cargo2nix",
        "flake-compat": "flake-compat",
        "flake-utils": "flake-utils",
        "nixpkgs": "nixpkgs",
        "rust-overlay": "rust-overlay"
      },
      "locked": {
        "lastModified": 1663598693,
        "narHash": "sha256-UTBN/JWB7eiq1wGez1qgwDn2Cpwk8wIWe72sLOI0RjQ=",
        "owner": "profianinc",
        "repo": "benefice",
        "rev": "6117098da798488f95d11d4098589544f245a5c4",
        "type": "github"
      },
      "original": {
        "owner": "profianinc",
        "ref": "v0.1.2-rc6",
        "repo": "benefice",
        "type": "github"
      }
    },
    "benefice-staging": {
      "inputs": {
        "cargo2nix": "cargo2nix_2",
        "flake-compat": "flake-compat_2",
        "flake-utils": "flake-utils_2",
        "nixpkgs": "nixpkgs_2",
        "rust-overlay": "rust-overlay_2"
      },
      "locked": {
        "lastModified": 1663598693,
        "narHash": "sha256-UTBN/JWB7eiq1wGez1qgwDn2Cpwk8wIWe72sLOI0RjQ=",
        "owner": "profianinc",
        "repo": "benefice",
        "rev": "6117098da798488f95d11d4098589544f245a5c4",
        "type": "github"
      },
      "original": {
        "owner": "profianinc",
        "ref": "v0.1.2-rc6",
        "repo": "benefice",
        "type": "github"
      }
    },
    "benefice-testing": {
      "inputs": {
        "enarx": "enarx",
        "nixify": "nixify_2"
      },
      "locked": {
        "lastModified": 1679064012,
        "narHash": "sha256-70WvkJlYBXMh/VbkSpe10oy9pYUIshiBfia5PC06Ccc=",
        "owner": "profianinc",
        "repo": "benefice",
        "rev": "0c08e06f34fbfbcc91c7e4d0a5c9ac6475db36e2",
        "type": "github"
      },
      "original": {
        "owner": "profianinc",
        "repo": "benefice",
        "type": "github"
      }
    },
    "cargo2nix": {
      "inputs": {
        "flake-compat": [
          "benefice-production",
          "flake-compat"
        ],
        "flake-utils": [
          "benefice-production",
          "flake-utils"
        ],
        "nixpkgs": [
          "benefice-production",
          "nixpkgs"
        ],
        "rust-overlay": [
          "benefice-production",
          "rust-overlay"
        ]
      },
      "locked": {
        "lastModified": 1655189312,
        "narHash": "sha256-gpJ57OgIebUpO+7F00VltxSEy6dz2x6HeJ5BcRM8rDA=",
        "owner": "cargo2nix",
        "repo": "cargo2nix",
        "rev": "c149357cc3d17f2849c73eb7a09d07a307cdcfe8",
        "type": "github"
      },
      "original": {
        "owner": "cargo2nix",
        "repo": "cargo2nix",
        "type": "github"
      }
    },
    "cargo2nix_2": {
      "inputs": {
        "flake-compat": [
          "benefice-staging",
          "flake-compat"
        ],
        "flake-utils": [
          "benefice-staging",
          "flake-utils"
        ],
        "nixpkgs": [
          "benefice-staging",
          "nixpkgs"
        ],
        "rust-overlay": [
          "benefice-staging",
          "rust-overlay"
        ]
      },
      "locked": {
        "lastModified": 1655189312,
        "narHash": "sha256-gpJ57OgIebUpO+7F00VltxSEy6dz2x6HeJ5BcRM8rDA=",
        "owner": "cargo2nix",
        "repo": "cargo2nix",
        "rev": "c149357cc3d17f2849c73eb7a09d07a307cdcfe8",
        "type": "github"
      },
      "original": {
        "owner": "cargo2nix",
        "repo": "cargo2nix",
        "type": "github"
      }
    },
    "crane": {
      "inputs": {
        "flake-compat": "flake-compat_3",
        "flake-utils": [
          "benefice-testing",
          "enarx",
          "nixify",
          "flake-utils"
        ],
        "nixpkgs": [
          "benefice-testing",
          "enarx",
          "nixify",
          "nixpkgs"
        ],
        "rust-overlay": [
          "benefice-testing",
          "enarx",
          "nixify",
          "rust-overlay"
        ]
      },
      "locked": {
        "lastModified": 1667064003,
        "narHash": "sha256-VuP+wzlUmuEqx43b8WOodjXJgFMlyQv/cNL4CdFcSqM=",
        "owner": "ipetkov",
        "repo": "crane",
        "rev": "f48777a96601e8fa3f537f3cab22d7a858bcde19",
        "type": "github"
      },
      "original": {
        "owner": "ipetkov",
        "ref": "v0.9.0",
        "repo": "crane",
        "type": "github"
      }
    },
    "crane_2": {
      "inputs": {
        "flake-compat": "flake-compat_4",
        "flake-utils": [
          "benefice-testing",
          "nixify",
          "flake-utils"
        ],
        "nixpkgs": [
          "benefice-testing",
          "nixify",
          "nixpkgs"
        ],
        "rust-overlay": [
          "benefice-testing",
          "nixify",
          "rust-overlay"
        ]
      },
      "locked": {
        "lastModified": 1667064003,
        "narHash": "sha256-VuP+wzlUmuEqx43b8WOodjXJgFMlyQv/cNL4CdFcSqM=",
        "owner": "ipetkov",
        "repo": "crane",
        "rev": "f48777a96601e8fa3f537f3cab22d7a858bcde19",
        "type": "github"
      },
      "original": {
        "owner": "ipetkov",
        "ref": "v0.9.0",
        "repo": "crane",
        "type": "github"
      }
    },
    "crane_3": {
      "inputs": {
        "flake-compat": "flake-compat_5",
        "flake-utils": [
          "enarx",
          "nixify",
          "flake-utils"
        ],
        "nixpkgs": [
          "enarx",
          "nixify",
          "nixpkgs"
        ],
        "rust-overlay": [
          "enarx",
          "nixify",
          "rust-overlay"
        ]
      },
      "locked": {
        "lastModified": 1669943300,
        "narHash": "sha256-1adQsyh7MvtlR19cJvL0VWemVTWwVbWSKrmrfX60ztU=",
        "owner": "ipetkov",
        "repo": "crane",
        "rev": "fb80a689c5c517bc40d9cc1828c384c38de90dda",
        "type": "github"
      },
      "original": {
        "owner": "ipetkov",
        "ref": "v0.10.0",
        "repo": "crane",
        "type": "github"
      }
    },
    "deploy-rs": {
      "inputs": {
        "flake-compat": [
          "flake-compat"
        ],
        "nixpkgs": "nixpkgs_5",
        "utils": "utils"
      },
      "locked": {
        "lastModified": 1674127017,
        "narHash": "sha256-QO1xF7stu5ZMDLbHN30LFolMAwY6TVlzYvQoUs1RD68=",
        "owner": "serokell",
        "repo": "deploy-rs",
        "rev": "8c9ea9605eed20528bf60fae35a2b613b901fd77",
        "type": "github"
      },
      "original": {
        "owner": "serokell",
        "repo": "deploy-rs",
        "type": "github"
      }
    },
    "enarx": {
      "inputs": {
        "nixify": "nixify"
      },
      "locked": {
        "lastModified": 1669042225,
        "narHash": "sha256-A4RwS0ie/IgQYZCVmAYzeKjAFbd0o39/uMBCmp6lffk=",
        "owner": "enarx",
        "repo": "enarx",
        "rev": "8098949e2854ec670843e4e7ef47942d5aadf8d2",
        "type": "github"
      },
      "original": {
        "owner": "enarx",
        "repo": "enarx",
        "type": "github"
      }
    },
    "enarx_2": {
      "inputs": {
        "nixify": "nixify_3"
      },
      "locked": {
        "lastModified": 1673875334,
        "narHash": "sha256-qtPONoNAr0o9LIJ5SH3HgSC+fsHrknWGbnEiWaG1Zw4=",
        "owner": "enarx",
        "repo": "enarx",
        "rev": "e74f4d4c5d996fa3f51cbb03259275a12f6ef84b",
        "type": "github"
      },
      "original": {
        "owner": "enarx",
        "ref": "v0.7.0",
        "repo": "enarx",
        "type": "github"
      }
    },
    "flake-compat": {
      "flake": false,
      "locked": {
        "lastModified": 1650374568,
        "narHash": "sha256-Z+s0J8/r907g149rllvwhb4pKi8Wam5ij0st8PwAh+E=",
        "owner": "edolstra",
        "repo": "flake-compat",
        "rev": "b4a34015c698c7793d592d66adbab377907a2be8",
        "type": "github"
      },
      "original": {
        "owner": "edolstra",
        "repo": "flake-compat",
        "type": "github"
      }
    },
    "flake-compat_2": {
      "flake": false,
      "locked": {
        "lastModified": 1650374568,
        "narHash": "sha256-Z+s0J8/r907g149rllvwhb4pKi8Wam5ij0st8PwAh+E=",
        "owner": "edolstra",
        "repo": "flake-compat",
        "rev": "b4a34015c698c7793d592d66adbab377907a2be8",
        "type": "github"
      },
      "original": {
        "owner": "edolstra",
        "repo": "flake-compat",
        "type": "github"
      }
    },
    "flake-compat_3": {
      "flake": false,
      "locked": {
        "lastModified": 1650374568,
        "narHash": "sha256-Z+s0J8/r907g149rllvwhb4pKi8Wam5ij0st8PwAh+E=",
        "owner": "edolstra",
        "repo": "flake-compat",
        "rev": "b4a34015c698c7793d592d66adbab377907a2be8",
        "type": "github"
      },
      "original": {
        "owner": "edolstra",
        "repo": "flake-compat",
        "type": "github"
      }
    },
    "flake-compat_4": {
      "flake": false,
      "locked": {
        "lastModified": 1650374568,
        "narHash": "sha256-Z+s0J8/r907g149rllvwhb4pKi8Wam5ij0st8PwAh+E=",
        "owner": "edolstra",
        "repo": "flake-compat",
        "rev": "b4a34015c698c7793d592d66adbab377907a2be8",
        "type": "github"
      },
      "original": {
        "owner": "edolstra",
        "repo": "flake-compat",
        "type": "github"
      }
    },
    "flake-compat_5": {
      "flake": false,
      "locked": {
        "lastModified": 1650374568,
        "narHash": "sha256-Z+s0J8/r907g149rllvwhb4pKi8Wam5ij0st8PwAh+E=",
        "owner": "edolstra",
        "repo": "flake-compat",
        "rev": "b4a34015c698c7793d592d66adbab377907a2be8",
        "type": "github"
      },
      "original": {
        "owner": "edolstra",
        "repo": "flake-compat",
        "type": "github"
      }
    },
    "flake-compat_6": {
      "flake": false,
      "locked": {
        "lastModified": 1673956053,
        "narHash": "sha256-4gtG9iQuiKITOjNQQeQIpoIB6b16fm+504Ch3sNKLd8=",
        "owner": "edolstra",
        "repo": "flake-compat",
        "rev": "35bb57c0c8d8b62bbfd284272c928ceb64ddbde9",
        "type": "github"
      },
      "original": {
        "owner": "edolstra",
        "repo": "flake-compat",
        "type": "github"
      }
    },
    "flake-utils": {
      "locked": {
        "lastModified": 1659877975,
        "narHash": "sha256-zllb8aq3YO3h8B/U0/J1WBgAL8EX5yWf5pMj3G0NAmc=",
        "owner": "numtide",
        "repo": "flake-utils",
        "rev": "c0e246b9b83f637f4681389ecabcb2681b4f3af0",
        "type": "github"
      },
      "original": {
        "owner": "numtide",
        "repo": "flake-utils",
        "type": "github"
      }
    },
    "flake-utils_2": {
      "locked": {
        "lastModified": 1659877975,
        "narHash": "sha256-zllb8aq3YO3h8B/U0/J1WBgAL8EX5yWf5pMj3G0NAmc=",
        "owner": "numtide",
        "repo": "flake-utils",
        "rev": "c0e246b9b83f637f4681389ecabcb2681b4f3af0",
        "type": "github"
      },
      "original": {
        "owner": "numtide",
        "repo": "flake-utils",
        "type": "github"
      }
    },
    "flake-utils_3": {
      "locked": {
        "lastModified": 1667395993,
        "narHash": "sha256-nuEHfE/LcWyuSWnS8t12N1wc105Qtau+/OdUAjtQ0rA=",
        "owner": "numtide",
        "repo": "flake-utils",
        "rev": "5aed5285a952e0b949eb3ba02c12fa4fcfef535f",
        "type": "github"
      },
      "original": {
        "owner": "numtide",
        "repo": "flake-utils",
        "type": "github"
      }
    },
    "flake-utils_4": {
      "locked": {
        "lastModified": 1667395993,
        "narHash": "sha256-nuEHfE/LcWyuSWnS8t12N1wc105Qtau+/OdUAjtQ0rA=",
        "owner": "numtide",
        "repo": "flake-utils",
        "rev": "5aed5285a952e0b949eb3ba02c12fa4fcfef535f",
        "type": "github"
      },
      "original": {
        "owner": "numtide",
        "repo": "flake-utils",
        "type": "github"
      }
    },
    "flake-utils_5": {
      "locked": {
        "lastModified": 1667395993,
        "narHash": "sha256-nuEHfE/LcWyuSWnS8t12N1wc105Qtau+/OdUAjtQ0rA=",
        "owner": "numtide",
        "repo": "flake-utils",
        "rev": "5aed5285a952e0b949eb3ba02c12fa4fcfef535f",
        "type": "github"
      },
      "original": {
        "owner": "numtide",
        "repo": "flake-utils",
        "type": "github"
      }
    },
    "flake-utils_6": {
      "locked": {
        "lastModified": 1678901627,
        "narHash": "sha256-U02riOqrKKzwjsxc/400XnElV+UtPUQWpANPlyazjH0=",
        "owner": "numtide",
        "repo": "flake-utils",
        "rev": "93a2b84fc4b70d9e089d029deacc3583435c2ed6",
        "type": "github"
      },
      "original": {
        "owner": "numtide",
        "repo": "flake-utils",
        "type": "github"
      }
    },
    "nixify": {
      "inputs": {
        "crane": "crane",
        "flake-utils": "flake-utils_3",
        "nixlib": "nixlib",
        "nixpkgs": "nixpkgs_3",
        "rust-overlay": "rust-overlay_3"
      },
      "locked": {
        "lastModified": 1668788630,
        "narHash": "sha256-o/RIxKn7jQGrb/MEvxC902lwIU3NtOavPobgcoj9S24=",
        "owner": "rvolosatovs",
        "repo": "nixify",
        "rev": "30a9acd643fe503e8e1af9583d52fe65b326d294",
        "type": "github"
      },
      "original": {
        "owner": "rvolosatovs",
        "repo": "nixify",
        "type": "github"
      }
    },
    "nixify_2": {
      "inputs": {
        "crane": "crane_2",
        "flake-utils": "flake-utils_4",
        "nixlib": "nixlib_2",
        "nixpkgs": "nixpkgs_4",
        "rust-overlay": "rust-overlay_4"
      },
      "locked": {
        "lastModified": 1668788630,
        "narHash": "sha256-o/RIxKn7jQGrb/MEvxC902lwIU3NtOavPobgcoj9S24=",
        "owner": "rvolosatovs",
        "repo": "nixify",
        "rev": "30a9acd643fe503e8e1af9583d52fe65b326d294",
        "type": "github"
      },
      "original": {
        "owner": "rvolosatovs",
        "repo": "nixify",
        "type": "github"
      }
    },
    "nixify_3": {
      "inputs": {
        "crane": "crane_3",
        "flake-utils": "flake-utils_5",
        "nixlib": "nixlib_3",
        "nixpkgs": "nixpkgs_6",
        "rust-overlay": "rust-overlay_5"
      },
      "locked": {
        "lastModified": 1673452419,
        "narHash": "sha256-180Iw0MFaSPKZvq3l8XhNLitME9raiTO5v+DFKmDkY0=",
        "owner": "rvolosatovs",
        "repo": "nixify",
        "rev": "a8fb63b009d644c4469e544b639292ba74a2108c",
        "type": "github"
      },
      "original": {
        "owner": "rvolosatovs",
        "repo": "nixify",
        "type": "github"
      }
    },
    "nixlib": {
      "locked": {
        "lastModified": 1668300937,
        "narHash": "sha256-E9/ir9++M58btaHOqugyrE4lfVnM0gIq5M9QWhGX0aM=",
        "owner": "nix-community",
        "repo": "nixpkgs.lib",
        "rev": "41386dc5b4915d0d5716e9d09dbf372ea3bd24f3",
        "type": "github"
      },
      "original": {
        "owner": "nix-community",
        "repo": "nixpkgs.lib",
        "type": "github"
      }
    },
    "nixlib_2": {
      "locked": {
        "lastModified": 1668300937,
        "narHash": "sha256-E9/ir9++M58btaHOqugyrE4lfVnM0gIq5M9QWhGX0aM=",
        "owner": "nix-community",
        "repo": "nixpkgs.lib",
        "rev": "41386dc5b4915d0d5716e9d09dbf372ea3bd24f3",
        "type": "github"
      },
      "original": {
        "owner": "nix-community",
        "repo": "nixpkgs.lib",
        "type": "github"
      }
    },
    "nixlib_3": {
      "locked": {
        "lastModified": 1673139014,
        "narHash": "sha256-wWtN1TjfsRbI2AYRP4RPcEKv3HVgy6lCCLg0Lyhlxbc=",
        "owner": "nix-community",
        "repo": "nixpkgs.lib",
        "rev": "080b7eb536d3baf70796dcc20abe4ee90618ca3c",
        "type": "github"
      },
      "original": {
        "owner": "nix-community",
        "repo": "nixpkgs.lib",
        "type": "github"
      }
    },
    "nixlib_4": {
      "locked": {
        "lastModified": 1679187309,
        "narHash": "sha256-H8udmkg5wppL11d/05MMzOMryiYvc403axjDNZy1/TQ=",
        "owner": "nix-community",
        "repo": "nixpkgs.lib",
        "rev": "44214417fe4595438b31bdb9469be92536a61455",
        "type": "github"
      },
      "original": {
        "owner": "nix-community",
        "repo": "nixpkgs.lib",
        "type": "github"
      }
    },
    "nixpkgs": {
      "locked": {
        "lastModified": 1663061167,
        "narHash": "sha256-b3r1Ta4TSUe93M5Qeu1yoNvCfC4StIAygXVVF7qWUok=",
        "owner": "NixOS",
        "repo": "nixpkgs",
        "rev": "a81b6401f6b5503d26918f062d010619f4059032",
        "type": "github"
      },
      "original": {
        "owner": "NixOS",
        "repo": "nixpkgs",
        "type": "github"
      }
    },
    "nixpkgs-stable": {
      "locked": {
        "lastModified": 1672580127,
        "narHash": "sha256-3lW3xZslREhJogoOkjeZtlBtvFMyxHku7I/9IVehhT8=",
        "owner": "nixos",
        "repo": "nixpkgs",
        "rev": "0874168639713f547c05947c76124f78441ea46c",
        "type": "github"
      },
      "original": {
        "owner": "nixos",
        "ref": "release-22.05",
        "repo": "nixpkgs",
        "type": "github"
      }
    },
    "nixpkgs-stable_2": {
      "locked": {
        "lastModified": 1679163677,
        "narHash": "sha256-VC0tc3EjJZFPXgucFQAYMIHce5nJWYR0kVCk4TVg6gg=",
        "owner": "NixOS",
        "repo": "nixpkgs",
        "rev": "c3912035d00ef755ab19394488b41feab95d2e40",
        "type": "github"
      },
      "original": {
        "owner": "NixOS",
        "ref": "release-22.11",
        "repo": "nixpkgs",
        "type": "github"
      }
    },
    "nixpkgs-unstable": {
      "locked": {
        "lastModified": 1679172431,
        "narHash": "sha256-XEh5gIt5otaUbEAPUY5DILUTyWe1goAyeqQtmwaFPyI=",
        "owner": "nixos",
        "repo": "nixpkgs",
        "rev": "1603d11595a232205f03d46e635d919d1e1ec5b9",
        "type": "github"
      },
      "original": {
        "owner": "nixos",
        "ref": "nixos-unstable",
        "repo": "nixpkgs",
        "type": "github"
      }
    },
    "nixpkgs_2": {
      "locked": {
        "lastModified": 1663061167,
        "narHash": "sha256-b3r1Ta4TSUe93M5Qeu1yoNvCfC4StIAygXVVF7qWUok=",
        "owner": "NixOS",
        "repo": "nixpkgs",
        "rev": "a81b6401f6b5503d26918f062d010619f4059032",
        "type": "github"
      },
      "original": {
        "owner": "NixOS",
        "repo": "nixpkgs",
        "type": "github"
      }
    },
    "nixpkgs_3": {
      "locked": {
        "lastModified": 1668539998,
        "narHash": "sha256-G+HPyz9wv47+lY1AMmrA0ebyZR2gwnyIeouzOLhdVdE=",
        "owner": "nixos",
        "repo": "nixpkgs",
        "rev": "02ac89b8e803881ab63c7727db631e63721ca370",
        "type": "github"
      },
      "original": {
        "owner": "nixos",
        "ref": "nixpkgs-22.05-darwin",
        "repo": "nixpkgs",
        "type": "github"
      }
    },
    "nixpkgs_4": {
      "locked": {
        "lastModified": 1668539998,
        "narHash": "sha256-G+HPyz9wv47+lY1AMmrA0ebyZR2gwnyIeouzOLhdVdE=",
        "owner": "nixos",
        "repo": "nixpkgs",
        "rev": "02ac89b8e803881ab63c7727db631e63721ca370",
        "type": "github"
      },
      "original": {
        "owner": "nixos",
        "ref": "nixpkgs-22.05-darwin",
        "repo": "nixpkgs",
        "type": "github"
      }
    },
    "nixpkgs_5": {
      "locked": {
        "lastModified": 1671417167,
        "narHash": "sha256-JkHam6WQOwZN1t2C2sbp1TqMv3TVRjzrdoejqfefwrM=",
        "owner": "NixOS",
        "repo": "nixpkgs",
        "rev": "bb31220cca6d044baa6dc2715b07497a2a7c4bc7",
        "type": "github"
      },
      "original": {
        "owner": "NixOS",
        "ref": "nixpkgs-unstable",
        "repo": "nixpkgs",
        "type": "github"
      }
    },
    "nixpkgs_6": {
      "locked": {
        "lastModified": 1672580127,
        "narHash": "sha256-3lW3xZslREhJogoOkjeZtlBtvFMyxHku7I/9IVehhT8=",
        "owner": "nixos",
        "repo": "nixpkgs",
        "rev": "0874168639713f547c05947c76124f78441ea46c",
        "type": "github"
      },
      "original": {
        "owner": "nixos",
        "ref": "nixpkgs-22.05-darwin",
        "repo": "nixpkgs",
        "type": "github"
      }
    },
    "nixpkgs_7": {
      "locked": {
        "lastModified": 1675002070,
        "narHash": "sha256-ZBHXydqeKHd+1FmxK88052IAiiLUUL6ej3HKf6pSmno=",
        "owner": "profianinc",
        "repo": "nixpkgs",
        "rev": "650d0afe6fc8b961896ce8b63aebbbc0c7ed2cee",
        "type": "github"
      },
      "original": {
        "owner": "profianinc",
        "repo": "nixpkgs",
        "type": "github"
      }
    },
    "root": {
      "inputs": {
        "benefice-production": "benefice-production",
        "benefice-staging": "benefice-staging",
        "benefice-testing": "benefice-testing",
        "deploy-rs": "deploy-rs",
        "enarx": "enarx_2",
        "flake-compat": "flake-compat_6",
        "flake-utils": "flake-utils_6",
        "nixlib": "nixlib_4",
        "nixpkgs": "nixpkgs_7",
        "nixpkgs-stable": "nixpkgs-stable",
        "nixpkgs-unstable": "nixpkgs-unstable",
        "sops-nix": "sops-nix"
      }
    },
    "rust-overlay": {
      "inputs": {
        "flake-utils": [
          "benefice-production",
          "flake-utils"
        ],
        "nixpkgs": [
          "benefice-production",
          "nixpkgs"
        ]
      },
      "locked": {
        "lastModified": 1663038100,
        "narHash": "sha256-DpqF/1FYpUo3Fm54oBaXzdqIG7BuRkHHFOgLM0uVVF0=",
        "owner": "oxalica",
        "repo": "rust-overlay",
        "rev": "dbd08f5b5469e1e24f00de45ddc73c26290a2bcb",
        "type": "github"
      },
      "original": {
        "owner": "oxalica",
        "repo": "rust-overlay",
        "type": "github"
      }
    },
    "rust-overlay_2": {
      "inputs": {
        "flake-utils": [
          "benefice-staging",
          "flake-utils"
        ],
        "nixpkgs": [
          "benefice-staging",
          "nixpkgs"
        ]
      },
      "locked": {
        "lastModified": 1663038100,
        "narHash": "sha256-DpqF/1FYpUo3Fm54oBaXzdqIG7BuRkHHFOgLM0uVVF0=",
        "owner": "oxalica",
        "repo": "rust-overlay",
        "rev": "dbd08f5b5469e1e24f00de45ddc73c26290a2bcb",
        "type": "github"
      },
      "original": {
        "owner": "oxalica",
        "repo": "rust-overlay",
        "type": "github"
      }
    },
    "rust-overlay_3": {
      "inputs": {
        "flake-utils": [
          "benefice-testing",
          "enarx",
          "nixify",
          "flake-utils"
        ],
        "nixpkgs": [
          "benefice-testing",
          "enarx",
          "nixify",
          "nixpkgs"
        ]
      },
      "locked": {
        "lastModified": 1668652668,
        "narHash": "sha256-kkl0U9OXMfzSKZX8rF/zSDMBHwzt7st32dyUqJGYNwU=",
        "owner": "oxalica",
        "repo": "rust-overlay",
        "rev": "c91265a3f0d28b3b1ad60a47c4764a45b111ed4b",
        "type": "github"
      },
      "original": {
        "owner": "oxalica",
        "repo": "rust-overlay",
        "type": "github"
      }
    },
    "rust-overlay_4": {
      "inputs": {
        "flake-utils": [
          "benefice-testing",
          "nixify",
          "flake-utils"
        ],
        "nixpkgs": [
          "benefice-testing",
          "nixify",
          "nixpkgs"
        ]
      },
      "locked": {
        "lastModified": 1668652668,
        "narHash": "sha256-kkl0U9OXMfzSKZX8rF/zSDMBHwzt7st32dyUqJGYNwU=",
        "owner": "oxalica",
        "repo": "rust-overlay",
        "rev": "c91265a3f0d28b3b1ad60a47c4764a45b111ed4b",
        "type": "github"
      },
      "original": {
        "owner": "oxalica",
        "repo": "rust-overlay",
        "type": "github"
      }
    },
    "rust-overlay_5": {
      "inputs": {
        "flake-utils": [
          "enarx",
          "nixify",
          "flake-utils"
        ],
        "nixpkgs": [
          "enarx",
          "nixify",
          "nixpkgs"
        ]
      },
      "locked": {
        "lastModified": 1673317790,
        "narHash": "sha256-GWjj/bqTXPsKgwWGFZUyHRShxFvufShYnuyyeP99wmk=",
        "owner": "oxalica",
        "repo": "rust-overlay",
        "rev": "9724998ea2caf23214674bf0c2cdf6ec0b1719af",
        "type": "github"
      },
      "original": {
        "owner": "oxalica",
        "repo": "rust-overlay",
        "type": "github"
      }
    },
    "sops-nix": {
      "inputs": {
        "nixpkgs": [
          "nixpkgs"
        ],
        "nixpkgs-stable": "nixpkgs-stable_2"
      },
      "locked": {
        "lastModified": 1679194991,
        "narHash": "sha256-SSJ/NvhXJeDzSgfEjKO1V/2olI4UlEAxK54DVWJIPjA=",
        "owner": "Mic92",
        "repo": "sops-nix",
        "rev": "08a0b5f25a73130869b3cc375eaf0e6ff317435e",
        "type": "github"
      },
      "original": {
        "owner": "Mic92",
        "repo": "sops-nix",
        "type": "github"
      }
    },
    "utils": {
      "locked": {
        "lastModified": 1667395993,
        "narHash": "sha256-nuEHfE/LcWyuSWnS8t12N1wc105Qtau+/OdUAjtQ0rA=",
        "owner": "numtide",
        "repo": "flake-utils",
        "rev": "5aed5285a952e0b949eb3ba02c12fa4fcfef535f",
        "type": "github"
      },
      "original": {
        "owner": "numtide",
        "repo": "flake-utils",
        "type": "github"
      }
    }
  },
  "root": "root",
  "version": 7
}
