{
  "nodes": {
    "benefice-production": {
      "inputs": {
        "cargo2nix": "cargo2nix",
        "flake-compat": "flake-compat",
        "flake-utils": "flake-utils",
        "nixpkgs": "nixpkgs",
        "rust-overlay": "rust-overlay"
      },
      "locked": {
        "lastModified": 1663598693,
        "narHash": "sha256-UTBN/JWB7eiq1wGez1qgwDn2Cpwk8wIWe72sLOI0RjQ=",
        "owner": "profianinc",
        "repo": "benefice",
        "rev": "6117098da798488f95d11d4098589544f245a5c4",
        "type": "github"
      },
      "original": {
        "owner": "profianinc",
        "ref": "v0.1.2-rc6",
        "repo": "benefice",
        "type": "github"
      }
    },
    "benefice-staging": {
      "inputs": {
        "cargo2nix": "cargo2nix_2",
        "flake-compat": "flake-compat_2",
        "flake-utils": "flake-utils_2",
        "nixpkgs": "nixpkgs_2",
        "rust-overlay": "rust-overlay_2"
      },
      "locked": {
        "lastModified": 1663598693,
        "narHash": "sha256-UTBN/JWB7eiq1wGez1qgwDn2Cpwk8wIWe72sLOI0RjQ=",
        "owner": "profianinc",
        "repo": "benefice",
        "rev": "6117098da798488f95d11d4098589544f245a5c4",
        "type": "github"
      },
      "original": {
        "owner": "profianinc",
        "ref": "v0.1.2-rc6",
        "repo": "benefice",
        "type": "github"
      }
    },
    "benefice-testing": {
      "inputs": {
        "enarx": "enarx",
        "nixify": "nixify_2"
      },
      "locked": {
        "lastModified": 1668788644,
        "narHash": "sha256-5hfov9o5QsGBrrb0KANFWOHKRaryuB0vfV2l1xsyc10=",
        "owner": "profianinc",
        "repo": "benefice",
        "rev": "b3c17cdd9e8bb73bdd8972c28011e4f342288178",
        "type": "github"
      },
      "original": {
        "owner": "profianinc",
        "repo": "benefice",
        "type": "github"
      }
    },
    "cargo2nix": {
      "inputs": {
        "flake-compat": [
          "benefice-production",
          "flake-compat"
        ],
        "flake-utils": [
          "benefice-production",
          "flake-utils"
        ],
        "nixpkgs": [
          "benefice-production",
          "nixpkgs"
        ],
        "rust-overlay": [
          "benefice-production",
          "rust-overlay"
        ]
      },
      "locked": {
        "lastModified": 1655189312,
        "narHash": "sha256-gpJ57OgIebUpO+7F00VltxSEy6dz2x6HeJ5BcRM8rDA=",
        "owner": "cargo2nix",
        "repo": "cargo2nix",
        "rev": "c149357cc3d17f2849c73eb7a09d07a307cdcfe8",
        "type": "github"
      },
      "original": {
        "owner": "cargo2nix",
        "repo": "cargo2nix",
        "type": "github"
      }
    },
    "cargo2nix_2": {
      "inputs": {
        "flake-compat": [
          "benefice-staging",
          "flake-compat"
        ],
        "flake-utils": [
          "benefice-staging",
          "flake-utils"
        ],
        "nixpkgs": [
          "benefice-staging",
          "nixpkgs"
        ],
        "rust-overlay": [
          "benefice-staging",
          "rust-overlay"
        ]
      },
      "locked": {
        "lastModified": 1655189312,
        "narHash": "sha256-gpJ57OgIebUpO+7F00VltxSEy6dz2x6HeJ5BcRM8rDA=",
        "owner": "cargo2nix",
        "repo": "cargo2nix",
        "rev": "c149357cc3d17f2849c73eb7a09d07a307cdcfe8",
        "type": "github"
      },
      "original": {
        "owner": "cargo2nix",
        "repo": "cargo2nix",
        "type": "github"
      }
    },
    "crane": {
      "inputs": {
        "flake-compat": "flake-compat_3",
        "flake-utils": [
          "benefice-testing",
          "enarx",
          "nixify",
          "flake-utils"
        ],
        "nixpkgs": [
          "benefice-testing",
          "enarx",
          "nixify",
          "nixpkgs"
        ],
        "rust-overlay": [
          "benefice-testing",
          "enarx",
          "nixify",
          "rust-overlay"
        ]
      },
      "locked": {
        "lastModified": 1667064003,
        "narHash": "sha256-VuP+wzlUmuEqx43b8WOodjXJgFMlyQv/cNL4CdFcSqM=",
        "owner": "ipetkov",
        "repo": "crane",
        "rev": "f48777a96601e8fa3f537f3cab22d7a858bcde19",
        "type": "github"
      },
      "original": {
        "owner": "ipetkov",
        "ref": "v0.9.0",
        "repo": "crane",
        "type": "github"
      }
    },
    "crane_2": {
      "inputs": {
        "flake-compat": "flake-compat_4",
        "flake-utils": [
          "benefice-testing",
          "nixify",
          "flake-utils"
        ],
        "nixpkgs": [
          "benefice-testing",
          "nixify",
          "nixpkgs"
        ],
        "rust-overlay": [
          "benefice-testing",
          "nixify",
          "rust-overlay"
        ]
      },
      "locked": {
        "lastModified": 1667064003,
        "narHash": "sha256-VuP+wzlUmuEqx43b8WOodjXJgFMlyQv/cNL4CdFcSqM=",
        "owner": "ipetkov",
        "repo": "crane",
        "rev": "f48777a96601e8fa3f537f3cab22d7a858bcde19",
        "type": "github"
      },
      "original": {
        "owner": "ipetkov",
        "ref": "v0.9.0",
        "repo": "crane",
        "type": "github"
      }
    },
    "crane_3": {
      "inputs": {
        "flake-compat": "flake-compat_5",
        "flake-utils": [
          "enarx",
          "nixify",
          "flake-utils"
        ],
        "nixpkgs": [
          "enarx",
          "nixify",
          "nixpkgs"
        ],
        "rust-overlay": [
          "enarx",
          "nixify",
          "rust-overlay"
        ]
      },
      "locked": {
        "lastModified": 1667064003,
        "narHash": "sha256-VuP+wzlUmuEqx43b8WOodjXJgFMlyQv/cNL4CdFcSqM=",
        "owner": "ipetkov",
        "repo": "crane",
        "rev": "f48777a96601e8fa3f537f3cab22d7a858bcde19",
        "type": "github"
      },
      "original": {
        "owner": "ipetkov",
        "ref": "v0.9.0",
        "repo": "crane",
        "type": "github"
      }
    },
    "deploy-rs": {
      "inputs": {
        "flake-compat": [
          "flake-compat"
        ],
        "nixpkgs": "nixpkgs_5",
        "utils": "utils"
      },
      "locked": {
        "lastModified": 1668797197,
        "narHash": "sha256-0w6iD3GSSQbIeSFVDzAAQZB+hDq670ZTms3d9XI+BtM=",
        "owner": "serokell",
        "repo": "deploy-rs",
        "rev": "2a3c5f70eee04a465aa534d8bd4fcc9bb3c4a8ce",
        "type": "github"
      },
      "original": {
        "owner": "serokell",
        "repo": "deploy-rs",
        "type": "github"
      }
    },
    "enarx": {
      "inputs": {
        "nixify": "nixify"
      },
      "locked": {
        "lastModified": 1668706300,
        "narHash": "sha256-NlZBWlYP6fF++5AFzXCRrrqk4GyzzvHaC5F5XeaQzbg=",
        "owner": "enarx",
        "repo": "enarx",
        "rev": "09bce3fd923bbbb52aac185c5858e377b949f043",
        "type": "github"
      },
      "original": {
        "owner": "enarx",
        "repo": "enarx",
        "type": "github"
      }
    },
    "enarx_2": {
      "inputs": {
        "nixify": "nixify_3"
      },
      "locked": {
        "lastModified": 1668780916,
        "narHash": "sha256-QtE2MXxHmrxchcW4JGVHNDcWcmh3bO/jKQKWqE3emDo=",
        "owner": "enarx",
        "repo": "enarx",
        "rev": "38039555d7abd9b0de45a1c92a750e8971590013",
        "type": "github"
      },
      "original": {
        "owner": "enarx",
        "repo": "enarx",
        "type": "github"
      }
    },
    "flake-compat": {
      "flake": false,
      "locked": {
        "lastModified": 1650374568,
        "narHash": "sha256-Z+s0J8/r907g149rllvwhb4pKi8Wam5ij0st8PwAh+E=",
        "owner": "edolstra",
        "repo": "flake-compat",
        "rev": "b4a34015c698c7793d592d66adbab377907a2be8",
        "type": "github"
      },
      "original": {
        "owner": "edolstra",
        "repo": "flake-compat",
        "type": "github"
      }
    },
    "flake-compat_2": {
      "flake": false,
      "locked": {
        "lastModified": 1650374568,
        "narHash": "sha256-Z+s0J8/r907g149rllvwhb4pKi8Wam5ij0st8PwAh+E=",
        "owner": "edolstra",
        "repo": "flake-compat",
        "rev": "b4a34015c698c7793d592d66adbab377907a2be8",
        "type": "github"
      },
      "original": {
        "owner": "edolstra",
        "repo": "flake-compat",
        "type": "github"
      }
    },
    "flake-compat_3": {
      "flake": false,
      "locked": {
        "lastModified": 1650374568,
        "narHash": "sha256-Z+s0J8/r907g149rllvwhb4pKi8Wam5ij0st8PwAh+E=",
        "owner": "edolstra",
        "repo": "flake-compat",
        "rev": "b4a34015c698c7793d592d66adbab377907a2be8",
        "type": "github"
      },
      "original": {
        "owner": "edolstra",
        "repo": "flake-compat",
        "type": "github"
      }
    },
    "flake-compat_4": {
      "flake": false,
      "locked": {
        "lastModified": 1650374568,
        "narHash": "sha256-Z+s0J8/r907g149rllvwhb4pKi8Wam5ij0st8PwAh+E=",
        "owner": "edolstra",
        "repo": "flake-compat",
        "rev": "b4a34015c698c7793d592d66adbab377907a2be8",
        "type": "github"
      },
      "original": {
        "owner": "edolstra",
        "repo": "flake-compat",
        "type": "github"
      }
    },
    "flake-compat_5": {
      "flake": false,
      "locked": {
        "lastModified": 1650374568,
        "narHash": "sha256-Z+s0J8/r907g149rllvwhb4pKi8Wam5ij0st8PwAh+E=",
        "owner": "edolstra",
        "repo": "flake-compat",
        "rev": "b4a34015c698c7793d592d66adbab377907a2be8",
        "type": "github"
      },
      "original": {
        "owner": "edolstra",
        "repo": "flake-compat",
        "type": "github"
      }
    },
    "flake-compat_6": {
      "flake": false,
      "locked": {
        "lastModified": 1668681692,
        "narHash": "sha256-Ht91NGdewz8IQLtWZ9LCeNXMSXHUss+9COoqu6JLmXU=",
        "owner": "edolstra",
        "repo": "flake-compat",
        "rev": "009399224d5e398d03b22badca40a37ac85412a1",
        "type": "github"
      },
      "original": {
        "owner": "edolstra",
        "repo": "flake-compat",
        "type": "github"
      }
    },
    "flake-utils": {
      "locked": {
        "lastModified": 1659877975,
        "narHash": "sha256-zllb8aq3YO3h8B/U0/J1WBgAL8EX5yWf5pMj3G0NAmc=",
        "owner": "numtide",
        "repo": "flake-utils",
        "rev": "c0e246b9b83f637f4681389ecabcb2681b4f3af0",
        "type": "github"
      },
      "original": {
        "owner": "numtide",
        "repo": "flake-utils",
        "type": "github"
      }
    },
    "flake-utils_2": {
      "locked": {
        "lastModified": 1659877975,
        "narHash": "sha256-zllb8aq3YO3h8B/U0/J1WBgAL8EX5yWf5pMj3G0NAmc=",
        "owner": "numtide",
        "repo": "flake-utils",
        "rev": "c0e246b9b83f637f4681389ecabcb2681b4f3af0",
        "type": "github"
      },
      "original": {
        "owner": "numtide",
        "repo": "flake-utils",
        "type": "github"
      }
    },
    "flake-utils_3": {
      "locked": {
        "lastModified": 1667395993,
        "narHash": "sha256-nuEHfE/LcWyuSWnS8t12N1wc105Qtau+/OdUAjtQ0rA=",
        "owner": "numtide",
        "repo": "flake-utils",
        "rev": "5aed5285a952e0b949eb3ba02c12fa4fcfef535f",
        "type": "github"
      },
      "original": {
        "owner": "numtide",
        "repo": "flake-utils",
        "type": "github"
      }
    },
    "flake-utils_4": {
      "locked": {
        "lastModified": 1667395993,
        "narHash": "sha256-nuEHfE/LcWyuSWnS8t12N1wc105Qtau+/OdUAjtQ0rA=",
        "owner": "numtide",
        "repo": "flake-utils",
        "rev": "5aed5285a952e0b949eb3ba02c12fa4fcfef535f",
        "type": "github"
      },
      "original": {
        "owner": "numtide",
        "repo": "flake-utils",
        "type": "github"
      }
    },
    "flake-utils_5": {
      "locked": {
        "lastModified": 1667395993,
        "narHash": "sha256-nuEHfE/LcWyuSWnS8t12N1wc105Qtau+/OdUAjtQ0rA=",
        "owner": "numtide",
        "repo": "flake-utils",
        "rev": "5aed5285a952e0b949eb3ba02c12fa4fcfef535f",
        "type": "github"
      },
      "original": {
        "owner": "numtide",
        "repo": "flake-utils",
        "type": "github"
      }
    },
    "flake-utils_6": {
      "locked": {
        "lastModified": 1667395993,
        "narHash": "sha256-nuEHfE/LcWyuSWnS8t12N1wc105Qtau+/OdUAjtQ0rA=",
        "owner": "numtide",
        "repo": "flake-utils",
        "rev": "5aed5285a952e0b949eb3ba02c12fa4fcfef535f",
        "type": "github"
      },
      "original": {
        "owner": "numtide",
        "repo": "flake-utils",
        "type": "github"
      }
    },
    "nixify": {
      "inputs": {
        "crane": "crane",
        "flake-utils": "flake-utils_3",
        "nixlib": "nixlib",
        "nixpkgs": "nixpkgs_3",
        "rust-overlay": "rust-overlay_3"
      },
      "locked": {
        "lastModified": 1668596732,
        "narHash": "sha256-fY3nWnWOIqD9JxVipoA8zvH02s+f9GFkBSZK/bSI/4w=",
        "owner": "rvolosatovs",
        "repo": "nixify",
        "rev": "363b03310f6bea4eabe1ea353827500fa3b86a33",
        "type": "github"
      },
      "original": {
        "owner": "rvolosatovs",
        "repo": "nixify",
        "type": "github"
      }
    },
    "nixify_2": {
      "inputs": {
        "crane": "crane_2",
        "flake-utils": "flake-utils_4",
        "nixlib": "nixlib_2",
        "nixpkgs": "nixpkgs_4",
        "rust-overlay": "rust-overlay_4"
      },
      "locked": {
        "lastModified": 1668596732,
        "narHash": "sha256-fY3nWnWOIqD9JxVipoA8zvH02s+f9GFkBSZK/bSI/4w=",
        "owner": "rvolosatovs",
        "repo": "nixify",
        "rev": "363b03310f6bea4eabe1ea353827500fa3b86a33",
        "type": "github"
      },
      "original": {
        "owner": "rvolosatovs",
        "repo": "nixify",
        "type": "github"
      }
    },
    "nixify_3": {
      "inputs": {
        "crane": "crane_3",
        "flake-utils": "flake-utils_5",
        "nixlib": "nixlib_3",
        "nixpkgs": "nixpkgs_6",
        "rust-overlay": "rust-overlay_5"
      },
      "locked": {
        "lastModified": 1668596732,
        "narHash": "sha256-fY3nWnWOIqD9JxVipoA8zvH02s+f9GFkBSZK/bSI/4w=",
        "owner": "rvolosatovs",
        "repo": "nixify",
        "rev": "363b03310f6bea4eabe1ea353827500fa3b86a33",
        "type": "github"
      },
      "original": {
        "owner": "rvolosatovs",
        "repo": "nixify",
        "type": "github"
      }
    },
    "nixlib": {
      "locked": {
        "lastModified": 1668300937,
        "narHash": "sha256-E9/ir9++M58btaHOqugyrE4lfVnM0gIq5M9QWhGX0aM=",
        "owner": "nix-community",
        "repo": "nixpkgs.lib",
        "rev": "41386dc5b4915d0d5716e9d09dbf372ea3bd24f3",
        "type": "github"
      },
      "original": {
        "owner": "nix-community",
        "repo": "nixpkgs.lib",
        "type": "github"
      }
    },
    "nixlib_2": {
      "locked": {
        "lastModified": 1668300937,
        "narHash": "sha256-E9/ir9++M58btaHOqugyrE4lfVnM0gIq5M9QWhGX0aM=",
        "owner": "nix-community",
        "repo": "nixpkgs.lib",
        "rev": "41386dc5b4915d0d5716e9d09dbf372ea3bd24f3",
        "type": "github"
      },
      "original": {
        "owner": "nix-community",
        "repo": "nixpkgs.lib",
        "type": "github"
      }
    },
    "nixlib_3": {
      "locked": {
        "lastModified": 1668300937,
        "narHash": "sha256-E9/ir9++M58btaHOqugyrE4lfVnM0gIq5M9QWhGX0aM=",
        "owner": "nix-community",
        "repo": "nixpkgs.lib",
        "rev": "41386dc5b4915d0d5716e9d09dbf372ea3bd24f3",
        "type": "github"
      },
      "original": {
        "owner": "nix-community",
        "repo": "nixpkgs.lib",
        "type": "github"
      }
    },
    "nixlib_4": {
      "locked": {
        "lastModified": 1668905993,
        "narHash": "sha256-vv8a+x9X9YevHbly2R1gBFFObYnr2P3zfCm2A82/jBs=",
        "owner": "nix-community",
        "repo": "nixpkgs.lib",
        "rev": "5f4e4e69b8fb6fa9e3cc83542b722e6657943379",
        "type": "github"
      },
      "original": {
        "owner": "nix-community",
        "repo": "nixpkgs.lib",
        "type": "github"
      }
    },
    "nixpkgs": {
      "locked": {
        "lastModified": 1663061167,
        "narHash": "sha256-b3r1Ta4TSUe93M5Qeu1yoNvCfC4StIAygXVVF7qWUok=",
        "owner": "NixOS",
        "repo": "nixpkgs",
        "rev": "a81b6401f6b5503d26918f062d010619f4059032",
        "type": "github"
      },
      "original": {
        "owner": "NixOS",
        "repo": "nixpkgs",
        "type": "github"
      }
    },
    "nixpkgs-22_05": {
      "locked": {
        "lastModified": 1668908668,
        "narHash": "sha256-oimCE4rY7Btuo/VYmA8khIyTHSMV7qUWTpz9w8yc9LQ=",
        "owner": "NixOS",
        "repo": "nixpkgs",
        "rev": "b68a6a27adb452879ab66c0eaac0c133e32823b2",
        "type": "github"
      },
      "original": {
        "owner": "NixOS",
        "ref": "release-22.05",
        "repo": "nixpkgs",
        "type": "github"
      }
    },
    "nixpkgs-stable": {
      "locked": {
        "lastModified": 1668984258,
        "narHash": "sha256-0gDMJ2T3qf58xgcSbYoXiRGUkPWmKyr5C3vcathWhKs=",
        "owner": "nixos",
        "repo": "nixpkgs",
        "rev": "cf63ade6f74bbc9d2a017290f1b2e33e8fbfa70a",
        "type": "github"
      },
      "original": {
        "owner": "nixos",
        "ref": "release-22.05",
        "repo": "nixpkgs",
        "type": "github"
      }
    },
    "nixpkgs-unstable": {
      "locked": {
        "lastModified": 1668905981,
        "narHash": "sha256-RBQa/+9Uk1eFTqIOXBSBezlEbA3v5OkgP+qptQs1OxY=",
        "owner": "nixos",
        "repo": "nixpkgs",
        "rev": "690ffff026b4e635b46f69002c0f4e81c65dfc2e",
        "type": "github"
      },
      "original": {
        "owner": "nixos",
        "ref": "nixos-unstable",
        "repo": "nixpkgs",
        "type": "github"
      }
    },
    "nixpkgs_2": {
      "locked": {
        "lastModified": 1663061167,
        "narHash": "sha256-b3r1Ta4TSUe93M5Qeu1yoNvCfC4StIAygXVVF7qWUok=",
        "owner": "NixOS",
        "repo": "nixpkgs",
        "rev": "a81b6401f6b5503d26918f062d010619f4059032",
        "type": "github"
      },
      "original": {
        "owner": "NixOS",
        "repo": "nixpkgs",
        "type": "github"
      }
    },
    "nixpkgs_3": {
      "locked": {
        "lastModified": 1668539998,
        "narHash": "sha256-G+HPyz9wv47+lY1AMmrA0ebyZR2gwnyIeouzOLhdVdE=",
        "owner": "nixos",
        "repo": "nixpkgs",
        "rev": "02ac89b8e803881ab63c7727db631e63721ca370",
        "type": "github"
      },
      "original": {
        "owner": "nixos",
        "ref": "nixpkgs-22.05-darwin",
        "repo": "nixpkgs",
        "type": "github"
      }
    },
    "nixpkgs_4": {
      "locked": {
        "lastModified": 1668539998,
        "narHash": "sha256-G+HPyz9wv47+lY1AMmrA0ebyZR2gwnyIeouzOLhdVdE=",
        "owner": "nixos",
        "repo": "nixpkgs",
        "rev": "02ac89b8e803881ab63c7727db631e63721ca370",
        "type": "github"
      },
      "original": {
        "owner": "nixos",
        "ref": "nixpkgs-22.05-darwin",
        "repo": "nixpkgs",
        "type": "github"
      }
    },
    "nixpkgs_5": {
      "locked": {
        "lastModified": 1648219316,
        "narHash": "sha256-Ctij+dOi0ZZIfX5eMhgwugfvB+WZSrvVNAyAuANOsnQ=",
        "owner": "NixOS",
        "repo": "nixpkgs",
        "rev": "30d3d79b7d3607d56546dd2a6b49e156ba0ec634",
        "type": "github"
      },
      "original": {
        "owner": "NixOS",
        "ref": "nixpkgs-unstable",
        "repo": "nixpkgs",
        "type": "github"
      }
    },
    "nixpkgs_6": {
      "locked": {
        "lastModified": 1668539998,
        "narHash": "sha256-G+HPyz9wv47+lY1AMmrA0ebyZR2gwnyIeouzOLhdVdE=",
        "owner": "nixos",
        "repo": "nixpkgs",
        "rev": "02ac89b8e803881ab63c7727db631e63721ca370",
        "type": "github"
      },
      "original": {
        "owner": "nixos",
        "ref": "nixpkgs-22.05-darwin",
        "repo": "nixpkgs",
        "type": "github"
      }
    },
    "nixpkgs_7": {
      "locked": {
        "lastModified": 1666175715,
        "narHash": "sha256-7gWuA8ctPX4+4pXQfcQ1k20VB+g2S+tIyO32o90dyOg=",
        "owner": "profianinc",
        "repo": "nixpkgs",
        "rev": "b79f2c25c15ba9259138d855b4353bb9493c8c57",
        "type": "github"
      },
      "original": {
        "owner": "profianinc",
        "repo": "nixpkgs",
        "type": "github"
      }
    },
    "root": {
      "inputs": {
        "benefice-production": "benefice-production",
        "benefice-staging": "benefice-staging",
        "benefice-testing": "benefice-testing",
        "deploy-rs": "deploy-rs",
        "enarx": "enarx_2",
        "flake-compat": "flake-compat_6",
        "flake-utils": "flake-utils_6",
        "nixlib": "nixlib_4",
        "nixpkgs": "nixpkgs_7",
        "nixpkgs-stable": "nixpkgs-stable",
        "nixpkgs-unstable": "nixpkgs-unstable",
        "sops-nix": "sops-nix"
      }
    },
    "rust-overlay": {
      "inputs": {
        "flake-utils": [
          "benefice-production",
          "flake-utils"
        ],
        "nixpkgs": [
          "benefice-production",
          "nixpkgs"
        ]
      },
      "locked": {
        "lastModified": 1663038100,
        "narHash": "sha256-DpqF/1FYpUo3Fm54oBaXzdqIG7BuRkHHFOgLM0uVVF0=",
        "owner": "oxalica",
        "repo": "rust-overlay",
        "rev": "dbd08f5b5469e1e24f00de45ddc73c26290a2bcb",
        "type": "github"
      },
      "original": {
        "owner": "oxalica",
        "repo": "rust-overlay",
        "type": "github"
      }
    },
    "rust-overlay_2": {
      "inputs": {
        "flake-utils": [
          "benefice-staging",
          "flake-utils"
        ],
        "nixpkgs": [
          "benefice-staging",
          "nixpkgs"
        ]
      },
      "locked": {
        "lastModified": 1663038100,
        "narHash": "sha256-DpqF/1FYpUo3Fm54oBaXzdqIG7BuRkHHFOgLM0uVVF0=",
        "owner": "oxalica",
        "repo": "rust-overlay",
        "rev": "dbd08f5b5469e1e24f00de45ddc73c26290a2bcb",
        "type": "github"
      },
      "original": {
        "owner": "oxalica",
        "repo": "rust-overlay",
        "type": "github"
      }
    },
    "rust-overlay_3": {
      "inputs": {
        "flake-utils": [
          "benefice-testing",
          "enarx",
          "nixify",
          "flake-utils"
        ],
        "nixpkgs": [
          "benefice-testing",
          "enarx",
          "nixify",
          "nixpkgs"
        ]
      },
      "locked": {
        "lastModified": 1668566441,
        "narHash": "sha256-WjyKSpFY44ysIHSN3C0L5PKUJuwXDnSg6p5OcYwbZZ4=",
        "owner": "oxalica",
        "repo": "rust-overlay",
        "rev": "fd76032706405b6abe09bff25ca7e28ac1fa0043",
        "type": "github"
      },
      "original": {
        "owner": "oxalica",
        "repo": "rust-overlay",
        "type": "github"
      }
    },
    "rust-overlay_4": {
      "inputs": {
        "flake-utils": [
          "benefice-testing",
          "nixify",
          "flake-utils"
        ],
        "nixpkgs": [
          "benefice-testing",
          "nixify",
          "nixpkgs"
        ]
      },
      "locked": {
        "lastModified": 1668566441,
        "narHash": "sha256-WjyKSpFY44ysIHSN3C0L5PKUJuwXDnSg6p5OcYwbZZ4=",
        "owner": "oxalica",
        "repo": "rust-overlay",
        "rev": "fd76032706405b6abe09bff25ca7e28ac1fa0043",
        "type": "github"
      },
      "original": {
        "owner": "oxalica",
        "repo": "rust-overlay",
        "type": "github"
      }
    },
    "rust-overlay_5": {
      "inputs": {
        "flake-utils": [
          "enarx",
          "nixify",
          "flake-utils"
        ],
        "nixpkgs": [
          "enarx",
          "nixify",
          "nixpkgs"
        ]
      },
      "locked": {
        "lastModified": 1668566441,
        "narHash": "sha256-WjyKSpFY44ysIHSN3C0L5PKUJuwXDnSg6p5OcYwbZZ4=",
        "owner": "oxalica",
        "repo": "rust-overlay",
        "rev": "fd76032706405b6abe09bff25ca7e28ac1fa0043",
        "type": "github"
      },
      "original": {
        "owner": "oxalica",
        "repo": "rust-overlay",
        "type": "github"
      }
    },
    "sops-nix": {
      "inputs": {
        "nixpkgs": [
          "nixpkgs"
        ],
        "nixpkgs-22_05": "nixpkgs-22_05"
      },
      "locked": {
        "lastModified": 1668915833,
        "narHash": "sha256-7VYPiDJZdGct8Nl3kKhg580XZfoRcViO+zUGPkfBsqM=",
        "owner": "Mic92",
        "repo": "sops-nix",
        "rev": "f72e050c3ef148b1131a0d2df55385c045e4166b",
        "type": "github"
      },
      "original": {
        "owner": "Mic92",
        "repo": "sops-nix",
        "type": "github"
      }
    },
    "utils": {
      "locked": {
        "lastModified": 1648297722,
        "narHash": "sha256-W+qlPsiZd8F3XkzXOzAoR+mpFqzm3ekQkJNa+PIh1BQ=",
        "owner": "numtide",
        "repo": "flake-utils",
        "rev": "0f8662f1319ad6abf89b3380dd2722369fc51ade",
        "type": "github"
      },
      "original": {
        "owner": "numtide",
        "repo": "flake-utils",
        "type": "github"
      }
    }
  },
  "root": "root",
  "version": 7
}
